
Microsoft Visual Studio Solution File, Format Version 12.00
# Visual Studio Version 17
VisualStudioVersion = 17.5.33424.131
MinimumVisualStudioVersion = 10.0.40219.1
Project("{FAE04EC0-301F-11D3-BF4B-00C04F79EFBC}") = "UEP", "UEP\UEP.csproj", "{203D6F90-CD78-4D57-90CD-F1E212999840}"
EndProject
Global
	GlobalSection(SolutionConfigurationPlatforms) = preSolution
		Debug|Any CPU = Debug|Any CPU
		Release|Any CPU = Release|Any CPU
	EndGlobalSection
	GlobalSection(ProjectConfigurationPlatforms) = postSolution
		{203D6F90-CD78-4D57-90CD-F1E212999840}.Debug|Any CPU.ActiveCfg = Debug|Any CPU
		{203D6F90-CD78-4D57-90CD-F1E212999840}.Debug|Any CPU.Build.0 = Debug|Any CPU
		{203D6F90-CD78-4D57-90CD-F1E212999840}.Release|Any CPU.ActiveCfg = Release|Any CPU
		{203D6F90-CD78-4D57-90CD-F1E212999840}.Release|Any CPU.Build.0 = Release|Any CPU
	EndGlobalSection
	GlobalSection(SolutionProperties) = preSolution
		HideSolutionNode = FALSE
	EndGlobalSection
	GlobalSection(ExtensibilityGlobals) = postSolution
		SolutionGuid = {44CBD6B6-25CD-4DA4-83E9-93AF6C2FC3DE}
	EndGlobalSection
EndGlobal
